
Microsoft Visual Studio Solution File, Format Version 12.00
# Visual Studio 15
VisualStudioVersion = 15.0.28307.438
MinimumVisualStudioVersion = 10.0.40219.1
Project("{FAE04EC0-301F-11D3-BF4B-00C04F79EFBC}") = "ConsoleApp1", "ConsoleApp1\ConsoleApp1.csproj", "{45A4FA93-2ED4-450A-8EED-16583BCA2494}"
EndProject
Global
	GlobalSection(SolutionConfigurationPlatforms) = preSolution
		Debug|Any CPU = Debug|Any CPU
		Release|Any CPU = Release|Any CPU
	EndGlobalSection
	GlobalSection(ProjectConfigurationPlatforms) = postSolution
		{45A4FA93-2ED4-450A-8EED-16583BCA2494}.Debug|Any CPU.ActiveCfg = Debug|Any CPU
		{45A4FA93-2ED4-450A-8EED-16583BCA2494}.Debug|Any CPU.Build.0 = Debug|Any CPU
		{45A4FA93-2ED4-450A-8EED-16583BCA2494}.Release|Any CPU.ActiveCfg = Release|Any CPU
		{45A4FA93-2ED4-450A-8EED-16583BCA2494}.Release|Any CPU.Build.0 = Release|Any CPU
	EndGlobalSection
	GlobalSection(SolutionProperties) = preSolution
		HideSolutionNode = FALSE
	EndGlobalSection
	GlobalSection(ExtensibilityGlobals) = postSolution
		SolutionGuid = {B42954E0-E0F0-4322-9722-08E8245A81E4}
	EndGlobalSection
EndGlobal
